
Microsoft Visual Studio Solution File, Format Version 12.00
# Visual Studio Version 16
VisualStudioVersion = 16.0.29102.190
MinimumVisualStudioVersion = 10.0.40219.1
Project("{8BC9CEB8-8B4A-11D0-8D11-00A0C91BC942}") = "loadlibrary_injector", "loadlibrary_injector.vcxproj", "{86F2B9AB-F857-4215-891E-BC3495EA549D}"
EndProject
Global
	GlobalSection(SolutionConfigurationPlatforms) = preSolution
		Debug|x64 = Debug|x64
		Debug|x86 = Debug|x86
		Release|x64 = Release|x64
		Release|x86 = Release|x86
	EndGlobalSection
	GlobalSection(ProjectConfigurationPlatforms) = postSolution
		{86F2B9AB-F857-4215-891E-BC3495EA549D}.Debug|x64.ActiveCfg = Debug|x64
		{86F2B9AB-F857-4215-891E-BC3495EA549D}.Debug|x64.Build.0 = Debug|x64
		{86F2B9AB-F857-4215-891E-BC3495EA549D}.Debug|x86.ActiveCfg = Debug|Win32
		{86F2B9AB-F857-4215-891E-BC3495EA549D}.Debug|x86.Build.0 = Debug|Win32
		{86F2B9AB-F857-4215-891E-BC3495EA549D}.Release|x64.ActiveCfg = Release|x64
		{86F2B9AB-F857-4215-891E-BC3495EA549D}.Release|x64.Build.0 = Release|x64
		{86F2B9AB-F857-4215-891E-BC3495EA549D}.Release|x86.ActiveCfg = Release|Win32
		{86F2B9AB-F857-4215-891E-BC3495EA549D}.Release|x86.Build.0 = Release|Win32
	EndGlobalSection
	GlobalSection(SolutionProperties) = preSolution
		HideSolutionNode = FALSE
	EndGlobalSection
	GlobalSection(ExtensibilityGlobals) = postSolution
		SolutionGuid = {549DF29F-7B65-433B-BBAB-C277F2CB8AF6}
	EndGlobalSection
EndGlobal
